
Microsoft Visual Studio Solution File, Format Version 12.00
# Visual Studio Version 17
VisualStudioVersion = 17.14.36429.23 d17.14
MinimumVisualStudioVersion = 10.0.40219.1
Project("{FAE04EC0-301F-11D3-BF4B-00C04F79EFBC}") = "Task1", "Task1\Task1.csproj", "{61425C52-2B71-444C-A6D4-0D7DBE1D2ABF}"
EndProject
Project("{FAE04EC0-301F-11D3-BF4B-00C04F79EFBC}") = "Task2", "Task2\Task2.csproj", "{0B3B1FB6-3FA8-4D95-9824-985C043C9B78}"
EndProject
Project("{FAE04EC0-301F-11D3-BF4B-00C04F79EFBC}") = "Task3", "Task3\Task3.csproj", "{A8448156-BF6E-49E0-BD09-16A238A96A15}"
EndProject
Global
	GlobalSection(SolutionConfigurationPlatforms) = preSolution
		Debug|Any CPU = Debug|Any CPU
		Release|Any CPU = Release|Any CPU
	EndGlobalSection
	GlobalSection(ProjectConfigurationPlatforms) = postSolution
		{61425C52-2B71-444C-A6D4-0D7DBE1D2ABF}.Debug|Any CPU.ActiveCfg = Debug|Any CPU
		{61425C52-2B71-444C-A6D4-0D7DBE1D2ABF}.Debug|Any CPU.Build.0 = Debug|Any CPU
		{61425C52-2B71-444C-A6D4-0D7DBE1D2ABF}.Release|Any CPU.ActiveCfg = Release|Any CPU
		{61425C52-2B71-444C-A6D4-0D7DBE1D2ABF}.Release|Any CPU.Build.0 = Release|Any CPU
		{0B3B1FB6-3FA8-4D95-9824-985C043C9B78}.Debug|Any CPU.ActiveCfg = Debug|Any CPU
		{0B3B1FB6-3FA8-4D95-9824-985C043C9B78}.Debug|Any CPU.Build.0 = Debug|Any CPU
		{0B3B1FB6-3FA8-4D95-9824-985C043C9B78}.Release|Any CPU.ActiveCfg = Release|Any CPU
		{0B3B1FB6-3FA8-4D95-9824-985C043C9B78}.Release|Any CPU.Build.0 = Release|Any CPU
		{A8448156-BF6E-49E0-BD09-16A238A96A15}.Debug|Any CPU.ActiveCfg = Debug|Any CPU
		{A8448156-BF6E-49E0-BD09-16A238A96A15}.Debug|Any CPU.Build.0 = Debug|Any CPU
		{A8448156-BF6E-49E0-BD09-16A238A96A15}.Release|Any CPU.ActiveCfg = Release|Any CPU
		{A8448156-BF6E-49E0-BD09-16A238A96A15}.Release|Any CPU.Build.0 = Release|Any CPU
	EndGlobalSection
	GlobalSection(SolutionProperties) = preSolution
		HideSolutionNode = FALSE
	EndGlobalSection
	GlobalSection(ExtensibilityGlobals) = postSolution
		SolutionGuid = {A1EB1697-2265-4843-8E2C-C643E4CAD6F8}
	EndGlobalSection
EndGlobal
