
Microsoft Visual Studio Solution File, Format Version 12.00
# Visual Studio Version 17
VisualStudioVersion = 17.14.36429.23 d17.14
MinimumVisualStudioVersion = 10.0.40219.1
Project("{FAE04EC0-301F-11D3-BF4B-00C04F79EFBC}") = "FinanceApp2", "FinanceApp2\FinanceApp2.csproj", "{AFF34FB1-2242-4756-B22F-FA01BB76FA3D}"
EndProject
Global
	GlobalSection(SolutionConfigurationPlatforms) = preSolution
		Debug|Any CPU = Debug|Any CPU
		Release|Any CPU = Release|Any CPU
	EndGlobalSection
	GlobalSection(ProjectConfigurationPlatforms) = postSolution
		{AFF34FB1-2242-4756-B22F-FA01BB76FA3D}.Debug|Any CPU.ActiveCfg = Debug|Any CPU
		{AFF34FB1-2242-4756-B22F-FA01BB76FA3D}.Debug|Any CPU.Build.0 = Debug|Any CPU
		{AFF34FB1-2242-4756-B22F-FA01BB76FA3D}.Release|Any CPU.ActiveCfg = Release|Any CPU
		{AFF34FB1-2242-4756-B22F-FA01BB76FA3D}.Release|Any CPU.Build.0 = Release|Any CPU
	EndGlobalSection
	GlobalSection(SolutionProperties) = preSolution
		HideSolutionNode = FALSE
	EndGlobalSection
	GlobalSection(ExtensibilityGlobals) = postSolution
		SolutionGuid = {7CF1F2D8-52F7-47E2-9E8D-BB34816CAAF1}
	EndGlobalSection
EndGlobal
